# generated by rye
# use `rye lock` or `rye sync` to update this lockfile
#
# last locked with the following flags:
#   pre: false
#   features: []
#   all-features: false
#   with-sources: false
#   generate-hashes: false
#   universal: false

-e file:.
asgiref==3.11.1
    # via django
django==6.0.3
    # via local
pycodestyle==2.14.0
    # via local
sqlparse==0.5.5
    # via django
